
Microsoft Visual Studio Solution File, Format Version 12.00
# Visual Studio 14
VisualStudioVersion = 14.0.25402.0
MinimumVisualStudioVersion = 10.0.40219.1
Project("{FAE04EC0-301F-11D3-BF4B-00C04F79EFBC}") = "WarehouseClient", "WarehouseClient\WarehouseClient.csproj", "{7ACE723F-4A65-4B42-BDC3-7E5993D10495}"
	ProjectSection(ProjectDependencies) = postProject
		{21A0BAED-0B9F-4359-B420-B2582557A752} = {21A0BAED-0B9F-4359-B420-B2582557A752}
	EndProjectSection
EndProject
Project("{FAE04EC0-301F-11D3-BF4B-00C04F79EFBC}") = "WarehouseData", "WarehouseData\WarehouseData.csproj", "{A75C6481-604E-40D4-921A-A1FF08A05AAD}"
EndProject
Project("{FAE04EC0-301F-11D3-BF4B-00C04F79EFBC}") = "WarehouseServer", "WarehouseServer\WarehouseServer.csproj", "{21A0BAED-0B9F-4359-B420-B2582557A752}"
EndProject
Global
	GlobalSection(SolutionConfigurationPlatforms) = preSolution
		Debug|Any CPU = Debug|Any CPU
		Release|Any CPU = Release|Any CPU
	EndGlobalSection
	GlobalSection(ProjectConfigurationPlatforms) = postSolution
		{7ACE723F-4A65-4B42-BDC3-7E5993D10495}.Debug|Any CPU.ActiveCfg = Debug|Any CPU
		{7ACE723F-4A65-4B42-BDC3-7E5993D10495}.Debug|Any CPU.Build.0 = Debug|Any CPU
		{7ACE723F-4A65-4B42-BDC3-7E5993D10495}.Release|Any CPU.ActiveCfg = Release|Any CPU
		{7ACE723F-4A65-4B42-BDC3-7E5993D10495}.Release|Any CPU.Build.0 = Release|Any CPU
		{A75C6481-604E-40D4-921A-A1FF08A05AAD}.Debug|Any CPU.ActiveCfg = Debug|Any CPU
		{A75C6481-604E-40D4-921A-A1FF08A05AAD}.Debug|Any CPU.Build.0 = Debug|Any CPU
		{A75C6481-604E-40D4-921A-A1FF08A05AAD}.Release|Any CPU.ActiveCfg = Release|Any CPU
		{A75C6481-604E-40D4-921A-A1FF08A05AAD}.Release|Any CPU.Build.0 = Release|Any CPU
		{21A0BAED-0B9F-4359-B420-B2582557A752}.Debug|Any CPU.ActiveCfg = Debug|Any CPU
		{21A0BAED-0B9F-4359-B420-B2582557A752}.Debug|Any CPU.Build.0 = Debug|Any CPU
		{21A0BAED-0B9F-4359-B420-B2582557A752}.Release|Any CPU.ActiveCfg = Release|Any CPU
		{21A0BAED-0B9F-4359-B420-B2582557A752}.Release|Any CPU.Build.0 = Release|Any CPU
	EndGlobalSection
	GlobalSection(SolutionProperties) = preSolution
		HideSolutionNode = FALSE
	EndGlobalSection
EndGlobal
